
Microsoft Visual Studio Solution File, Format Version 12.00
# Visual Studio Version 16
VisualStudioVersion = 16.0.30114.105
MinimumVisualStudioVersion = 10.0.40219.1
Project("{2150E333-8FDC-42A3-9474-1A3956D46DE8}") = "Src", "Src", "{F3BC2450-A1A9-48C7-9EC5-291138F1AD15}"
EndProject
Project("{2150E333-8FDC-42A3-9474-1A3956D46DE8}") = "Core", "Core", "{CB2AC439-90AC-40F2-B106-2D74DA5586E4}"
EndProject
Project("{2150E333-8FDC-42A3-9474-1A3956D46DE8}") = "Infrastructure", "Infrastructure", "{F138DED4-0753-404E-A06A-F8A6CAF94912}"
EndProject
Project("{2150E333-8FDC-42A3-9474-1A3956D46DE8}") = "Presentation", "Presentation", "{50C12FCA-933B-4003-94C2-DEC004D46E53}"
EndProject
Project("{FAE04EC0-301F-11D3-BF4B-00C04F79EFBC}") = "Common", "Src\Core\Common\Common\Common.csproj", "{EFEF83A8-3755-46A2-BE9D-BB200AAFAB30}"
EndProject
Project("{FAE04EC0-301F-11D3-BF4B-00C04F79EFBC}") = "Application", "Src\Core\Application\Application.csproj", "{9750C232-845A-4DEC-A0DA-4915A8B19DA1}"
EndProject
Project("{FAE04EC0-301F-11D3-BF4B-00C04F79EFBC}") = "Domain", "Src\Core\Domain\Domain.csproj", "{065F606C-F69E-4228-99EC-3941CA6DC053}"
EndProject
Project("{FAE04EC0-301F-11D3-BF4B-00C04F79EFBC}") = "Persistence", "Src\Infrastructure\Persistence\Persistence.csproj", "{1E95DDFB-4C7B-4450-A969-3D06D9D79BE4}"
EndProject
Project("{FAE04EC0-301F-11D3-BF4B-00C04F79EFBC}") = "WebUI", "Src\Presentation\WebUI\WebUI.csproj", "{0F695DD4-F882-42C6-A87C-C40FBBC06AEC}"
EndProject
Global
	GlobalSection(SolutionConfigurationPlatforms) = preSolution
		Debug|Any CPU = Debug|Any CPU
		Release|Any CPU = Release|Any CPU
	EndGlobalSection
	GlobalSection(ProjectConfigurationPlatforms) = postSolution
		{EFEF83A8-3755-46A2-BE9D-BB200AAFAB30}.Debug|Any CPU.ActiveCfg = Debug|Any CPU
		{EFEF83A8-3755-46A2-BE9D-BB200AAFAB30}.Debug|Any CPU.Build.0 = Debug|Any CPU
		{EFEF83A8-3755-46A2-BE9D-BB200AAFAB30}.Release|Any CPU.ActiveCfg = Release|Any CPU
		{EFEF83A8-3755-46A2-BE9D-BB200AAFAB30}.Release|Any CPU.Build.0 = Release|Any CPU
		{9750C232-845A-4DEC-A0DA-4915A8B19DA1}.Debug|Any CPU.ActiveCfg = Debug|Any CPU
		{9750C232-845A-4DEC-A0DA-4915A8B19DA1}.Debug|Any CPU.Build.0 = Debug|Any CPU
		{9750C232-845A-4DEC-A0DA-4915A8B19DA1}.Release|Any CPU.ActiveCfg = Release|Any CPU
		{9750C232-845A-4DEC-A0DA-4915A8B19DA1}.Release|Any CPU.Build.0 = Release|Any CPU
		{065F606C-F69E-4228-99EC-3941CA6DC053}.Debug|Any CPU.ActiveCfg = Debug|Any CPU
		{065F606C-F69E-4228-99EC-3941CA6DC053}.Debug|Any CPU.Build.0 = Debug|Any CPU
		{065F606C-F69E-4228-99EC-3941CA6DC053}.Release|Any CPU.ActiveCfg = Release|Any CPU
		{065F606C-F69E-4228-99EC-3941CA6DC053}.Release|Any CPU.Build.0 = Release|Any CPU
		{1E95DDFB-4C7B-4450-A969-3D06D9D79BE4}.Debug|Any CPU.ActiveCfg = Debug|Any CPU
		{1E95DDFB-4C7B-4450-A969-3D06D9D79BE4}.Debug|Any CPU.Build.0 = Debug|Any CPU
		{1E95DDFB-4C7B-4450-A969-3D06D9D79BE4}.Release|Any CPU.ActiveCfg = Release|Any CPU
		{1E95DDFB-4C7B-4450-A969-3D06D9D79BE4}.Release|Any CPU.Build.0 = Release|Any CPU
		{0F695DD4-F882-42C6-A87C-C40FBBC06AEC}.Debug|Any CPU.ActiveCfg = Debug|Any CPU
		{0F695DD4-F882-42C6-A87C-C40FBBC06AEC}.Debug|Any CPU.Build.0 = Debug|Any CPU
		{0F695DD4-F882-42C6-A87C-C40FBBC06AEC}.Release|Any CPU.ActiveCfg = Release|Any CPU
		{0F695DD4-F882-42C6-A87C-C40FBBC06AEC}.Release|Any CPU.Build.0 = Release|Any CPU
	EndGlobalSection
	GlobalSection(SolutionProperties) = preSolution
		HideSolutionNode = FALSE
	EndGlobalSection
	GlobalSection(NestedProjects) = preSolution
		{CB2AC439-90AC-40F2-B106-2D74DA5586E4} = {F3BC2450-A1A9-48C7-9EC5-291138F1AD15}
		{F138DED4-0753-404E-A06A-F8A6CAF94912} = {F3BC2450-A1A9-48C7-9EC5-291138F1AD15}
		{50C12FCA-933B-4003-94C2-DEC004D46E53} = {F3BC2450-A1A9-48C7-9EC5-291138F1AD15}
		{EFEF83A8-3755-46A2-BE9D-BB200AAFAB30} = {CB2AC439-90AC-40F2-B106-2D74DA5586E4}
		{9750C232-845A-4DEC-A0DA-4915A8B19DA1} = {CB2AC439-90AC-40F2-B106-2D74DA5586E4}
		{065F606C-F69E-4228-99EC-3941CA6DC053} = {CB2AC439-90AC-40F2-B106-2D74DA5586E4}
		{1E95DDFB-4C7B-4450-A969-3D06D9D79BE4} = {F138DED4-0753-404E-A06A-F8A6CAF94912}
		{0F695DD4-F882-42C6-A87C-C40FBBC06AEC} = {50C12FCA-933B-4003-94C2-DEC004D46E53}
	EndGlobalSection
	GlobalSection(ExtensibilityGlobals) = postSolution
		SolutionGuid = {ECB373B2-01C0-4796-9D7C-F33755C08650}
	EndGlobalSection
EndGlobal
